<?xml version="1.0" encoding="utf-8"?>
<Project ToolsVersion="4.0" xmlns="http://schemas.microsoft.com/developer/msbuild/2003">
  <ItemGroup>
    <Filter Include="Source Files">
      <UniqueIdentifier>{4FC737F1-C7A5-4376-A066-2A32D752A2FF}</UniqueIdentifier>
      <Extensions>cpp;c;cc;cxx;c++;cppm;ixx;def;odl;idl;hpj;bat;asm;asmx</Extensions>
    </Filter>
    <Filter Include="Header Files">
      <UniqueIdentifier>{93995380-89BD-4b04-88EB-625FBE52EBFB}</UniqueIdentifier>
      <Extensions>h;hh;hpp;hxx;h++;hm;inl;inc;ipp;xsd</Extensions>
    </Filter>
    <Filter Include="Resource Files">
      <UniqueIdentifier>{67DA6AB6-F800-4c08-8B7A-83BB121AAD01}</UniqueIdentifier>
      <Extensions>rc;ico;cur;bmp;dlg;rc2;rct;bin;rgs;gif;jpg;jpeg;jpe;resx;tiff;tif;png;wav;mfcribbon-ms</Extensions>
    </Filter>
    <Filter Include="Source Files\OpenGL">
      <UniqueIdentifier>{0b255548-6f10-4f02-a7e4-5b32468914de}</UniqueIdentifier>
    </Filter>
    <Filter Include="Source Files\OpenGL\shaders">
      <UniqueIdentifier>{7f22b119-f4c0-4220-b8e1-4e30ea63c483}</UniqueIdentifier>
    </Filter>
    <Filter Include="Source Files\Entities">
      <UniqueIdentifier>{793edd30-abfd-4ac9-8340-84f6d2c236f3}</UniqueIdentifier>
    </Filter>
    <Filter Include="Source Files\Entities\Attributes">
      <UniqueIdentifier>{3941099c-0cf2-4cf2-bdf1-83420bf73b90}</UniqueIdentifier>
    </Filter>
    <Filter Include="Source Files\Sound">
      <UniqueIdentifier>{cde73706-9d4a-4e14-aa27-79fc66079d10}</UniqueIdentifier>
    </Filter>
    <Filter Include="Source Files\Managers">
      <UniqueIdentifier>{3a55eb16-caab-485a-b7dc-5e7d716b7f68}</UniqueIdentifier>
    </Filter>
  </ItemGroup>
  <ItemGroup>
    <ClCompile Include="main.cpp">
      <Filter>Source Files</Filter>
    </ClCompile>
    <ClCompile Include="texture.cpp">
      <Filter>Source Files\OpenGL\shaders</Filter>
    </ClCompile>
    <ClCompile Include="OpenGL\texManager.cpp">
      <Filter>Source Files\OpenGL</Filter>
    </ClCompile>
    <ClCompile Include="OpenGL\glManager.cpp">
      <Filter>Source Files\OpenGL</Filter>
    </ClCompile>
    <ClCompile Include="OpenGL\GameObject.cpp">
      <Filter>Source Files\Entities</Filter>
    </ClCompile>
    <ClCompile Include="primitive.cpp">
      <Filter>Source Files\Entities</Filter>
    </ClCompile>
    <ClCompile Include="glad.c">
      <Filter>Source Files\OpenGL</Filter>
    </ClCompile>
    <ClCompile Include="transform.cpp">
      <Filter>Source Files\Entities\Attributes</Filter>
    </ClCompile>
    <ClCompile Include="camera.cpp">
      <Filter>Source Files\Entities</Filter>
    </ClCompile>
    <ClCompile Include="SoundDevice.cpp">
      <Filter>Source Files\Sound</Filter>
    </ClCompile>
    <ClCompile Include="SoundBuffer.cpp">
      <Filter>Source Files\Sound</Filter>
    </ClCompile>
    <ClCompile Include="SoundSource.cpp">
      <Filter>Source Files\Sound</Filter>
    </ClCompile>
    <ClCompile Include="CollisionManager.cpp">
      <Filter>Source Files\Managers</Filter>
    </ClCompile>
  </ItemGroup>
  <ItemGroup>
    <None Include="..\..\include\Shaders\shader.vs">
      <Filter>Source Files\OpenGL\shaders</Filter>
    </None>
    <None Include="..\..\include\Shaders\shader.fs">
      <Filter>Source Files\OpenGL\shaders</Filter>
    </None>
  </ItemGroup>
  <ItemGroup>
    <ClInclude Include="..\..\include\Shaders\shader.h">
      <Filter>Source Files\OpenGL\shaders</Filter>
    </ClInclude>
    <ClInclude Include="SoundDevice.h">
      <Filter>Source Files\Sound</Filter>
    </ClInclude>
    <ClInclude Include="SoundBuffer.h">
      <Filter>Source Files\Sound</Filter>
    </ClInclude>
    <ClInclude Include="SoundSource.h">
      <Filter>Source Files\Sound</Filter>
    </ClInclude>
  </ItemGroup>
</Project>