<?xml version="1.0" encoding="utf-8"?>
<Project ToolsVersion="4.0" xmlns="http://schemas.microsoft.com/developer/msbuild/2003">
  <ItemGroup>
    <Filter Include="Source Files">
      <UniqueIdentifier>{4FC737F1-C7A5-4376-A066-2A32D752A2FF}</UniqueIdentifier>
      <Extensions>cpp;c;cc;cxx;c++;cppm;ixx;def;odl;idl;hpj;bat;asm;asmx</Extensions>
    </Filter>
    <Filter Include="Header Files">
      <UniqueIdentifier>{93995380-89BD-4b04-88EB-625FBE52EBFB}</UniqueIdentifier>
      <Extensions>h;hh;hpp;hxx;h++;hm;inl;inc;ipp;xsd</Extensions>
    </Filter>
    <Filter Include="Resource Files">
      <UniqueIdentifier>{67DA6AB6-F800-4c08-8B7A-83BB121AAD01}</UniqueIdentifier>
      <Extensions>rc;ico;cur;bmp;dlg;rc2;rct;bin;rgs;gif;jpg;jpeg;jpe;resx;tiff;tif;png;wav;mfcribbon-ms</Extensions>
    </Filter>
    <Filter Include="Source Files\Entities">
      <UniqueIdentifier>{793edd30-abfd-4ac9-8340-84f6d2c236f3}</UniqueIdentifier>
    </Filter>
    <Filter Include="Source Files\Entities\Prefabs">
      <UniqueIdentifier>{ceaa0cd5-eec3-4d48-948e-2c13da30fb46}</UniqueIdentifier>
    </Filter>
    <Filter Include="Source Files\Entities\Behaviors">
      <UniqueIdentifier>{4c3f96cb-d101-46f6-8e54-b357169c0320}</UniqueIdentifier>
    </Filter>
    <Filter Include="Source Files\Entities\Behaviors\Orbitals">
      <UniqueIdentifier>{fdb5d55a-d811-4bed-9c95-6cef79b985e2}</UniqueIdentifier>
    </Filter>
    <Filter Include="Source Files\Entities\Behaviors\Bouncers">
      <UniqueIdentifier>{79ab406e-62ba-4a1c-9828-39093bb0ac13}</UniqueIdentifier>
    </Filter>
    <Filter Include="Source Files\Engine">
      <UniqueIdentifier>{060343f4-ecc4-4e8b-b152-5ef85085389c}</UniqueIdentifier>
    </Filter>
    <Filter Include="Source Files\Engine\OpenGL">
      <UniqueIdentifier>{0b255548-6f10-4f02-a7e4-5b32468914de}</UniqueIdentifier>
    </Filter>
    <Filter Include="Source Files\Engine\OpenGL\shaders">
      <UniqueIdentifier>{7f22b119-f4c0-4220-b8e1-4e30ea63c483}</UniqueIdentifier>
    </Filter>
    <Filter Include="Source Files\Engine\OpenGL\Rendering">
      <UniqueIdentifier>{c4954669-ce7b-4a50-ab6e-6fbe325f78ff}</UniqueIdentifier>
    </Filter>
    <Filter Include="Source Files\Engine\OpenGL\Structs">
      <UniqueIdentifier>{5f57b71f-42df-465d-b98b-37a28e55def6}</UniqueIdentifier>
    </Filter>
    <Filter Include="Source Files\Engine\Sound">
      <UniqueIdentifier>{cde73706-9d4a-4e14-aa27-79fc66079d10}</UniqueIdentifier>
    </Filter>
    <Filter Include="Source Files\Engine\Managers">
      <UniqueIdentifier>{3a55eb16-caab-485a-b7dc-5e7d716b7f68}</UniqueIdentifier>
    </Filter>
    <Filter Include="Source Files\Entities\Loaders">
      <UniqueIdentifier>{49cffbea-f40a-43eb-96f1-2fa62ecb1a91}</UniqueIdentifier>
    </Filter>
  </ItemGroup>
  <ItemGroup>
    <ClCompile Include="main.cpp">
      <Filter>Source Files</Filter>
    </ClCompile>
    <ClCompile Include="texture.cpp">
      <Filter>Source Files\Engine\OpenGL\shaders</Filter>
    </ClCompile>
    <ClCompile Include="SoundDevice.cpp">
      <Filter>Source Files\Engine\Sound</Filter>
    </ClCompile>
    <ClCompile Include="SoundBuffer.cpp">
      <Filter>Source Files\Engine\Sound</Filter>
    </ClCompile>
    <ClCompile Include="SoundSource.cpp">
      <Filter>Source Files\Engine\Sound</Filter>
    </ClCompile>
    <ClCompile Include="coin.cpp">
      <Filter>Source Files\Entities\Prefabs</Filter>
    </ClCompile>
    <ClCompile Include="UDManager.cpp">
      <Filter>Source Files\Engine\Managers</Filter>
    </ClCompile>
    <ClCompile Include="BouncingCube.cpp">
      <Filter>Source Files\Entities\Prefabs</Filter>
    </ClCompile>
    <ClCompile Include="BasicModel.cpp">
      <Filter>Source Files\Entities\Prefabs</Filter>
    </ClCompile>
    <ClCompile Include="CollisionManager.cpp">
      <Filter>Source Files\Engine\Managers</Filter>
    </ClCompile>
    <ClCompile Include="glad.c">
      <Filter>Source Files\Engine\OpenGL\Rendering</Filter>
    </ClCompile>
    <ClCompile Include="OpenGL\glManager.cpp">
      <Filter>Source Files\Engine\OpenGL\Rendering</Filter>
    </ClCompile>
    <ClCompile Include="Mesh.cpp">
      <Filter>Source Files\Engine\OpenGL\Rendering</Filter>
    </ClCompile>
    <ClCompile Include="Model.cpp">
      <Filter>Source Files\Engine\OpenGL\Rendering</Filter>
    </ClCompile>
    <ClCompile Include="OpenGL\texManager.cpp">
      <Filter>Source Files\Engine\OpenGL\Rendering</Filter>
    </ClCompile>
    <ClCompile Include="DebugCube.cpp">
      <Filter>Source Files\Entities\Prefabs</Filter>
    </ClCompile>
    <ClCompile Include="InputManager.cpp">
      <Filter>Source Files\Engine\Managers</Filter>
    </ClCompile>
    <ClCompile Include="Text.cpp">
      <Filter>Source Files\Engine\OpenGL\Rendering</Filter>
    </ClCompile>
    <ClCompile Include="SoundManager.cpp">
      <Filter>Source Files\Engine\Managers</Filter>
    </ClCompile>
    <ClCompile Include="camera.cpp">
      <Filter>Source Files\Engine\OpenGL</Filter>
    </ClCompile>
    <ClCompile Include="Window.cpp">
      <Filter>Source Files\Engine\OpenGL</Filter>
    </ClCompile>
    <ClCompile Include="Player1.cpp">
      <Filter>Source Files\Entities\Behaviors</Filter>
    </ClCompile>
    <ClCompile Include="Player2.cpp">
      <Filter>Source Files\Entities\Behaviors</Filter>
    </ClCompile>
    <ClCompile Include="CoinPickup.cpp">
      <Filter>Source Files\Entities\Behaviors</Filter>
    </ClCompile>
    <ClCompile Include="DropCoins.cpp">
      <Filter>Source Files\Entities\Behaviors</Filter>
    </ClCompile>
    <ClCompile Include="ShaderCollection.cpp">
      <Filter>Source Files\Engine\OpenGL\shaders</Filter>
    </ClCompile>
    <ClCompile Include="Launcher.cpp">
      <Filter>Source Files\Entities\Behaviors\Bouncers</Filter>
    </ClCompile>
    <ClCompile Include="SlimeBall.cpp">
      <Filter>Source Files\Entities\Behaviors\Bouncers</Filter>
    </ClCompile>
    <ClCompile Include="MyTimer.cpp">
      <Filter>Source Files\Engine\OpenGL</Filter>
    </ClCompile>
    <ClCompile Include="Icey.cpp">
      <Filter>Source Files\Entities\Behaviors\Orbitals</Filter>
    </ClCompile>
    <ClCompile Include="SceneLoader.cpp">
      <Filter>Source Files\Entities\Loaders</Filter>
    </ClCompile>
    <ClCompile Include="PrefabLoader.cpp">
      <Filter>Source Files\Entities\Loaders</Filter>
    </ClCompile>
    <ClCompile Include="Orbital.cpp">
      <Filter>Source Files\Entities\Behaviors\Orbitals</Filter>
    </ClCompile>
    <ClCompile Include="GameManager.cpp">
      <Filter>Source Files\Entities\Loaders</Filter>
    </ClCompile>
    <ClCompile Include="Thief.cpp">
      <Filter>Source Files\Entities\Behaviors\Bouncers</Filter>
    </ClCompile>
    <ClCompile Include="MoneyLine.cpp">
      <Filter>Source Files\Entities\Behaviors\Bouncers</Filter>
    </ClCompile>
    <ClCompile Include="Duplicator.cpp">
      <Filter>Source Files\Entities\Prefabs</Filter>
    </ClCompile>
    <ClCompile Include="Block.cpp">
      <Filter>Source Files\Entities\Prefabs</Filter>
    </ClCompile>
    <ClCompile Include="ModelCache.cpp">
      <Filter>Source Files\Engine\Managers</Filter>
    </ClCompile>
    <ClCompile Include="Paddle.cpp">
      <Filter>Source Files\Entities\Prefabs</Filter>
    </ClCompile>
    <ClCompile Include="BlockGrid.cpp">
      <Filter>Source Files\Entities\Loaders</Filter>
    </ClCompile>
  </ItemGroup>
  <ItemGroup>
    <None Include="..\..\include\Shaders\shader.vs">
      <Filter>Source Files\Engine\OpenGL\shaders</Filter>
    </None>
    <None Include="..\..\include\Shaders\shader.fs">
      <Filter>Source Files\Engine\OpenGL\shaders</Filter>
    </None>
    <None Include="modelShader.vs">
      <Filter>Source Files\Engine\OpenGL\shaders</Filter>
    </None>
    <None Include="modelShader.fs">
      <Filter>Source Files\Engine\OpenGL\shaders</Filter>
    </None>
    <None Include="textShader.vs">
      <Filter>Source Files\Engine\OpenGL\shaders</Filter>
    </None>
    <None Include="textShader.fs">
      <Filter>Source Files\Engine\OpenGL\shaders</Filter>
    </None>
  </ItemGroup>
  <ItemGroup>
    <ClInclude Include="..\..\include\Shaders\shader.h">
      <Filter>Source Files\Engine\OpenGL\shaders</Filter>
    </ClInclude>
    <ClInclude Include="SoundDevice.h">
      <Filter>Source Files\Engine\Sound</Filter>
    </ClInclude>
    <ClInclude Include="SoundBuffer.h">
      <Filter>Source Files\Engine\Sound</Filter>
    </ClInclude>
    <ClInclude Include="SoundSource.h">
      <Filter>Source Files\Engine\Sound</Filter>
    </ClInclude>
    <ClInclude Include="Collision.h">
      <Filter>Source Files\Engine\OpenGL\Structs</Filter>
    </ClInclude>
    <ClInclude Include="Character.h">
      <Filter>Source Files\Engine\OpenGL\Structs</Filter>
    </ClInclude>
    <ClInclude Include="ShaderCollection.h">
      <Filter>Source Files\Engine\OpenGL\shaders</Filter>
    </ClInclude>
    <ClInclude Include="main.h">
      <Filter>Source Files</Filter>
    </ClInclude>
    <ClInclude Include="Launcher.h">
      <Filter>Header Files</Filter>
    </ClInclude>
    <ClInclude Include="BasicModel.h">
      <Filter>Header Files</Filter>
    </ClInclude>
    <ClInclude Include="Coin.h">
      <Filter>Header Files</Filter>
    </ClInclude>
    <ClInclude Include="BouncingCube.h">
      <Filter>Header Files</Filter>
    </ClInclude>
    <ClInclude Include="CollisionManager.h">
      <Filter>Header Files</Filter>
    </ClInclude>
    <ClInclude Include="InputManager.h">
      <Filter>Header Files</Filter>
    </ClInclude>
    <ClInclude Include="GameManager.h">
      <Filter>Header Files</Filter>
    </ClInclude>
    <ClInclude Include="SoundManager.h">
      <Filter>Header Files</Filter>
    </ClInclude>
    <ClInclude Include="UDManager.h">
      <Filter>Header Files</Filter>
    </ClInclude>
    <ClInclude Include="MyTimer.h">
      <Filter>Header Files</Filter>
    </ClInclude>
    <ClInclude Include="Window.h">
      <Filter>Header Files</Filter>
    </ClInclude>
    <ClInclude Include="Mesh.h">
      <Filter>Header Files</Filter>
    </ClInclude>
    <ClInclude Include="Model.h">
      <Filter>Header Files</Filter>
    </ClInclude>
    <ClInclude Include="texManager.h">
      <Filter>Header Files</Filter>
    </ClInclude>
    <ClInclude Include="Text.h">
      <Filter>Header Files</Filter>
    </ClInclude>
    <ClInclude Include="DebugCube.h">
      <Filter>Header Files</Filter>
    </ClInclude>
    <ClInclude Include="Player1.h">
      <Filter>Header Files</Filter>
    </ClInclude>
    <ClInclude Include="Player2.h">
      <Filter>Header Files</Filter>
    </ClInclude>
    <ClInclude Include="CoinPickup.h">
      <Filter>Header Files</Filter>
    </ClInclude>
    <ClInclude Include="DropCoins.h">
      <Filter>Header Files</Filter>
    </ClInclude>
    <ClInclude Include="Icey.h">
      <Filter>Header Files</Filter>
    </ClInclude>
    <ClInclude Include="SlimeBall.h">
      <Filter>Header Files</Filter>
    </ClInclude>
    <ClInclude Include="SceneLoader.h">
      <Filter>Header Files</Filter>
    </ClInclude>
    <ClInclude Include="PrefabLoader.h">
      <Filter>Header Files</Filter>
    </ClInclude>
    <ClInclude Include="Orbital.h">
      <Filter>Header Files</Filter>
    </ClInclude>
    <ClInclude Include="UD.h">
      <Filter>Source Files\Entities</Filter>
    </ClInclude>
    <ClInclude Include="Projectile.h">
      <Filter>Source Files\Entities\Behaviors\Bouncers</Filter>
    </ClInclude>
    <ClInclude Include="MoneyLine.h">
      <Filter>Header Files</Filter>
    </ClInclude>
    <ClInclude Include="Thief.h">
      <Filter>Header Files</Filter>
    </ClInclude>
    <ClInclude Include="Duplicator.h">
      <Filter>Source Files\Entities\Prefabs</Filter>
    </ClInclude>
    <ClInclude Include="Block.h">
      <Filter>Header Files</Filter>
    </ClInclude>
    <ClInclude Include="ModelCache.h">
      <Filter>Source Files\Engine\Managers</Filter>
    </ClInclude>
    <ClInclude Include="Paddle.h">
      <Filter>Header Files</Filter>
    </ClInclude>
    <ClInclude Include="BlockGrid.h">
      <Filter>Source Files\Entities\Loaders</Filter>
    </ClInclude>
  </ItemGroup>
</Project>